
Microsoft Visual Studio Solution File, Format Version 12.00
# Visual Studio Version 16
VisualStudioVersion = 16.0.31410.357
MinimumVisualStudioVersion = 10.0.40219.1
Project("{FAE04EC0-301F-11D3-BF4B-00C04F79EFBC}") = "CabInvoiceGenerator", "CabInvoiceGenerator\CabInvoiceGenerator.csproj", "{9436A749-F7DC-4D79-8D62-B10F9500B130}"
EndProject
Global
	GlobalSection(SolutionConfigurationPlatforms) = preSolution
		Debug|Any CPU = Debug|Any CPU
		Release|Any CPU = Release|Any CPU
	EndGlobalSection
	GlobalSection(ProjectConfigurationPlatforms) = postSolution
		{9436A749-F7DC-4D79-8D62-B10F9500B130}.Debug|Any CPU.ActiveCfg = Debug|Any CPU
		{9436A749-F7DC-4D79-8D62-B10F9500B130}.Debug|Any CPU.Build.0 = Debug|Any CPU
		{9436A749-F7DC-4D79-8D62-B10F9500B130}.Release|Any CPU.ActiveCfg = Release|Any CPU
		{9436A749-F7DC-4D79-8D62-B10F9500B130}.Release|Any CPU.Build.0 = Release|Any CPU
	EndGlobalSection
	GlobalSection(SolutionProperties) = preSolution
		HideSolutionNode = FALSE
	EndGlobalSection
	GlobalSection(ExtensibilityGlobals) = postSolution
		SolutionGuid = {B1DBEB4D-8365-415A-A37A-C6E34957CF30}
	EndGlobalSection
EndGlobal
